lockfileVersion: 5.4

specifiers:
  '@faker-js/faker': ^7.5.0

dependencies:
  '@faker-js/faker': 7.5.0

packages:

  /@faker-js/faker/7.5.0:
    resolution: {integrity: sha512-8wNUCCUHvfvI0gQpDUho/3gPzABffnCn5um65F8dzQ86zz6dlt4+nmAA7PQUc8L+eH+9RgR/qzy5N/8kN0Ozdw==}
    engines: {node: '>=14.0.0', npm: '>=6.0.0'}
    dev: false
